
Microsoft Visual Studio Solution File, Format Version 12.00
# Visual Studio 14
VisualStudioVersion = 14.0.24720.0
MinimumVisualStudioVersion = 10.0.40219.1
Project("{FAE04EC0-301F-11D3-BF4B-00C04F79EFBC}") = "NInjectRequestScope.WebApi", "NInjectRequestScope.WebApi\NInjectRequestScope.WebApi.csproj", "{092BF2DF-D340-4D94-A281-EFD08A1973E5}"
EndProject
Project("{FAE04EC0-301F-11D3-BF4B-00C04F79EFBC}") = "NInjectRequestScope.Tests", "NInjectRequestScope.Tests\NInjectRequestScope.Tests.csproj", "{CCD918D7-E85A-4216-8A3A-54699AE52937}"
EndProject
Global
	GlobalSection(SolutionConfigurationPlatforms) = preSolution
		Debug|Any CPU = Debug|Any CPU
		Release|Any CPU = Release|Any CPU
	EndGlobalSection
	GlobalSection(ProjectConfigurationPlatforms) = postSolution
		{092BF2DF-D340-4D94-A281-EFD08A1973E5}.Debug|Any CPU.ActiveCfg = Debug|Any CPU
		{092BF2DF-D340-4D94-A281-EFD08A1973E5}.Debug|Any CPU.Build.0 = Debug|Any CPU
		{092BF2DF-D340-4D94-A281-EFD08A1973E5}.Release|Any CPU.ActiveCfg = Release|Any CPU
		{092BF2DF-D340-4D94-A281-EFD08A1973E5}.Release|Any CPU.Build.0 = Release|Any CPU
		{CCD918D7-E85A-4216-8A3A-54699AE52937}.Debug|Any CPU.ActiveCfg = Debug|Any CPU
		{CCD918D7-E85A-4216-8A3A-54699AE52937}.Debug|Any CPU.Build.0 = Debug|Any CPU
		{CCD918D7-E85A-4216-8A3A-54699AE52937}.Release|Any CPU.ActiveCfg = Release|Any CPU
		{CCD918D7-E85A-4216-8A3A-54699AE52937}.Release|Any CPU.Build.0 = Release|Any CPU
	EndGlobalSection
	GlobalSection(SolutionProperties) = preSolution
		HideSolutionNode = FALSE
	EndGlobalSection
EndGlobal
